
Microsoft Visual Studio Solution File, Format Version 12.00
# Visual Studio Version 17
VisualStudioVersion = 17.1.32328.378
MinimumVisualStudioVersion = 10.0.40219.1
Project("{FAE04EC0-301F-11D3-BF4B-00C04F79EFBC}") = "ClassInjector", "ClassInjector\ClassInjector.csproj", "{D80C5737-E218-4C2A-BD22-EE61B763623D}"
EndProject
Global
	GlobalSection(SolutionConfigurationPlatforms) = preSolution
		Debug|Any CPU = Debug|Any CPU
		Release|Any CPU = Release|Any CPU
	EndGlobalSection
	GlobalSection(ProjectConfigurationPlatforms) = postSolution
		{D80C5737-E218-4C2A-BD22-EE61B763623D}.Debug|Any CPU.ActiveCfg = Debug|Any CPU
		{D80C5737-E218-4C2A-BD22-EE61B763623D}.Debug|Any CPU.Build.0 = Debug|Any CPU
		{D80C5737-E218-4C2A-BD22-EE61B763623D}.Release|Any CPU.ActiveCfg = Release|Any CPU
		{D80C5737-E218-4C2A-BD22-EE61B763623D}.Release|Any CPU.Build.0 = Release|Any CPU
	EndGlobalSection
	GlobalSection(SolutionProperties) = preSolution
		HideSolutionNode = FALSE
	EndGlobalSection
	GlobalSection(ExtensibilityGlobals) = postSolution
		SolutionGuid = {3B8D5E0F-8F34-4E77-B39A-2812AC70596D}
	EndGlobalSection
EndGlobal
